
Microsoft Visual Studio Solution File, Format Version 12.00
# Visual Studio Version 17
VisualStudioVersion = 17.6.33606.364
MinimumVisualStudioVersion = 10.0.40219.1
Project("{9A19103F-16F7-4668-BE54-9A1E7A4F7556}") = "wan24-Crypto", "wan24-Crypto\wan24-Crypto.csproj", "{E28A005A-151E-4880-9BA1-FF7EF5A505FF}"
EndProject
Project("{9A19103F-16F7-4668-BE54-9A1E7A4F7556}") = "wan24-Crypto Tests", "wan24-Crypto Tests\wan24-Crypto Tests.csproj", "{9BFDB175-2F97-407A-8364-7A4E80B2CF1F}"
EndProject
Project("{9A19103F-16F7-4668-BE54-9A1E7A4F7556}") = "wan24-Crypto Shared Tests", "wan24-Crypto Shared Tests\wan24-Crypto Shared Tests.csproj", "{6DC4F5D9-AA27-4B55-99BD-286453389C84}"
EndProject
Project("{9A19103F-16F7-4668-BE54-9A1E7A4F7556}") = "Wan24-Core", "..\..\wan24-Core\src\Wan24-Core\Wan24-Core.csproj", "{6B0AB983-FC05-4B77-89A3-E1BE712C4A97}"
EndProject
Project("{9A19103F-16F7-4668-BE54-9A1E7A4F7556}") = "Stream-Serializer-Extensions", "..\..\Stream-Serializer-Extensions\src\Stream-Serializer-Extensions\Stream-Serializer-Extensions.csproj", "{3A0744E9-9EDB-4258-9711-CBC3D980CC30}"
EndProject
Project("{9A19103F-16F7-4668-BE54-9A1E7A4F7556}") = "wan24-Compression", "..\..\wan24-Compression\src\wan24-Compression\wan24-Compression.csproj", "{05B10BFF-BA50-419A-8D2E-391B0B68EFFB}"
EndProject
Project("{9A19103F-16F7-4668-BE54-9A1E7A4F7556}") = "ObjectValidation", "..\..\ObjectValidation\src\ObjectValidation\ObjectValidation.csproj", "{8D7662EA-96C5-448C-8629-2CE16A6B2C99}"
EndProject
Project("{9A19103F-16F7-4668-BE54-9A1E7A4F7556}") = "Wan24-Core-Validation", "..\..\wan24-Core\src\Wan24-Core-Validation\Wan24-Core-Validation.csproj", "{D25D9574-917B-4A03-AFF7-64FCAAC3DB0A}"
EndProject
Project("{2150E333-8FDC-42A3-9474-1A3956D46DE8}") = "Referenced", "Referenced", "{661B5F46-B279-445B-AB32-2D22C9141B97}"
EndProject
Global
	GlobalSection(SolutionConfigurationPlatforms) = preSolution
		Debug|Any CPU = Debug|Any CPU
		Release|Any CPU = Release|Any CPU
		Trunk|Any CPU = Trunk|Any CPU
	EndGlobalSection
	GlobalSection(ProjectConfigurationPlatforms) = postSolution
		{E28A005A-151E-4880-9BA1-FF7EF5A505FF}.Debug|Any CPU.ActiveCfg = Debug|Any CPU
		{E28A005A-151E-4880-9BA1-FF7EF5A505FF}.Debug|Any CPU.Build.0 = Debug|Any CPU
		{E28A005A-151E-4880-9BA1-FF7EF5A505FF}.Release|Any CPU.ActiveCfg = Release|Any CPU
		{E28A005A-151E-4880-9BA1-FF7EF5A505FF}.Release|Any CPU.Build.0 = Release|Any CPU
		{E28A005A-151E-4880-9BA1-FF7EF5A505FF}.Trunk|Any CPU.ActiveCfg = Trunk|Any CPU
		{E28A005A-151E-4880-9BA1-FF7EF5A505FF}.Trunk|Any CPU.Build.0 = Trunk|Any CPU
		{9BFDB175-2F97-407A-8364-7A4E80B2CF1F}.Debug|Any CPU.ActiveCfg = Debug|Any CPU
		{9BFDB175-2F97-407A-8364-7A4E80B2CF1F}.Debug|Any CPU.Build.0 = Debug|Any CPU
		{9BFDB175-2F97-407A-8364-7A4E80B2CF1F}.Release|Any CPU.ActiveCfg = Release|Any CPU
		{9BFDB175-2F97-407A-8364-7A4E80B2CF1F}.Release|Any CPU.Build.0 = Release|Any CPU
		{9BFDB175-2F97-407A-8364-7A4E80B2CF1F}.Trunk|Any CPU.ActiveCfg = Trunk|Any CPU
		{9BFDB175-2F97-407A-8364-7A4E80B2CF1F}.Trunk|Any CPU.Build.0 = Trunk|Any CPU
		{6DC4F5D9-AA27-4B55-99BD-286453389C84}.Debug|Any CPU.ActiveCfg = Debug|Any CPU
		{6DC4F5D9-AA27-4B55-99BD-286453389C84}.Debug|Any CPU.Build.0 = Debug|Any CPU
		{6DC4F5D9-AA27-4B55-99BD-286453389C84}.Release|Any CPU.ActiveCfg = Release|Any CPU
		{6DC4F5D9-AA27-4B55-99BD-286453389C84}.Release|Any CPU.Build.0 = Release|Any CPU
		{6DC4F5D9-AA27-4B55-99BD-286453389C84}.Trunk|Any CPU.ActiveCfg = Trunk|Any CPU
		{6DC4F5D9-AA27-4B55-99BD-286453389C84}.Trunk|Any CPU.Build.0 = Trunk|Any CPU
		{6B0AB983-FC05-4B77-89A3-E1BE712C4A97}.Debug|Any CPU.ActiveCfg = Debug|Any CPU
		{6B0AB983-FC05-4B77-89A3-E1BE712C4A97}.Release|Any CPU.ActiveCfg = Release|Any CPU
		{6B0AB983-FC05-4B77-89A3-E1BE712C4A97}.Trunk|Any CPU.ActiveCfg = Trunk|Any CPU
		{6B0AB983-FC05-4B77-89A3-E1BE712C4A97}.Trunk|Any CPU.Build.0 = Trunk|Any CPU
		{3A0744E9-9EDB-4258-9711-CBC3D980CC30}.Debug|Any CPU.ActiveCfg = Debug|Any CPU
		{3A0744E9-9EDB-4258-9711-CBC3D980CC30}.Release|Any CPU.ActiveCfg = Release|Any CPU
		{3A0744E9-9EDB-4258-9711-CBC3D980CC30}.Trunk|Any CPU.ActiveCfg = Trunk|Any CPU
		{3A0744E9-9EDB-4258-9711-CBC3D980CC30}.Trunk|Any CPU.Build.0 = Trunk|Any CPU
		{05B10BFF-BA50-419A-8D2E-391B0B68EFFB}.Debug|Any CPU.ActiveCfg = Debug|Any CPU
		{05B10BFF-BA50-419A-8D2E-391B0B68EFFB}.Release|Any CPU.ActiveCfg = Release|Any CPU
		{05B10BFF-BA50-419A-8D2E-391B0B68EFFB}.Trunk|Any CPU.ActiveCfg = Trunk|Any CPU
		{05B10BFF-BA50-419A-8D2E-391B0B68EFFB}.Trunk|Any CPU.Build.0 = Trunk|Any CPU
		{8D7662EA-96C5-448C-8629-2CE16A6B2C99}.Debug|Any CPU.ActiveCfg = Debug|Any CPU
		{8D7662EA-96C5-448C-8629-2CE16A6B2C99}.Release|Any CPU.ActiveCfg = Release|Any CPU
		{8D7662EA-96C5-448C-8629-2CE16A6B2C99}.Trunk|Any CPU.ActiveCfg = Trunk|Any CPU
		{8D7662EA-96C5-448C-8629-2CE16A6B2C99}.Trunk|Any CPU.Build.0 = Trunk|Any CPU
		{D25D9574-917B-4A03-AFF7-64FCAAC3DB0A}.Debug|Any CPU.ActiveCfg = Debug|Any CPU
		{D25D9574-917B-4A03-AFF7-64FCAAC3DB0A}.Release|Any CPU.ActiveCfg = Release|Any CPU
		{D25D9574-917B-4A03-AFF7-64FCAAC3DB0A}.Trunk|Any CPU.ActiveCfg = Trunk|Any CPU
		{D25D9574-917B-4A03-AFF7-64FCAAC3DB0A}.Trunk|Any CPU.Build.0 = Trunk|Any CPU
	EndGlobalSection
	GlobalSection(SolutionProperties) = preSolution
		HideSolutionNode = FALSE
	EndGlobalSection
	GlobalSection(NestedProjects) = preSolution
		{6B0AB983-FC05-4B77-89A3-E1BE712C4A97} = {661B5F46-B279-445B-AB32-2D22C9141B97}
		{3A0744E9-9EDB-4258-9711-CBC3D980CC30} = {661B5F46-B279-445B-AB32-2D22C9141B97}
		{05B10BFF-BA50-419A-8D2E-391B0B68EFFB} = {661B5F46-B279-445B-AB32-2D22C9141B97}
		{8D7662EA-96C5-448C-8629-2CE16A6B2C99} = {661B5F46-B279-445B-AB32-2D22C9141B97}
		{D25D9574-917B-4A03-AFF7-64FCAAC3DB0A} = {661B5F46-B279-445B-AB32-2D22C9141B97}
	EndGlobalSection
	GlobalSection(ExtensibilityGlobals) = postSolution
		SolutionGuid = {2263758D-EB8B-45E9-BE7F-EE9EA2BB334D}
	EndGlobalSection
EndGlobal
